
Microsoft Visual Studio Solution File, Format Version 12.00
# Visual Studio Version 16
VisualStudioVersion = 16.0.28803.352
MinimumVisualStudioVersion = 10.0.40219.1
Project("{888888A0-9F3D-457C-B088-3A5042F75D52}") = "LearningDjango", "LearningDjango.pyproj", "{08E4EED5-B4B2-48D3-9B69-628BAC0491C0}"
EndProject
Project("{888888A0-9F3D-457C-B088-3A5042F75D52}") = "DjangoWeb", "..\DjangoWeb\DjangoWeb.pyproj", "{B6ED17AE-68E4-40D1-8079-92A759028044}"
EndProject
Project("{888888A0-9F3D-457C-B088-3A5042F75D52}") = "DjangoPolls", "..\DjangoPolls\DjangoPolls.pyproj", "{751F4228-C9AC-4B67-9C69-47AB9A6FE89E}"
EndProject
Global
	GlobalSection(SolutionConfigurationPlatforms) = preSolution
		Debug|Any CPU = Debug|Any CPU
		Release|Any CPU = Release|Any CPU
	EndGlobalSection
	GlobalSection(ProjectConfigurationPlatforms) = postSolution
		{08E4EED5-B4B2-48D3-9B69-628BAC0491C0}.Debug|Any CPU.ActiveCfg = Debug|Any CPU
		{08E4EED5-B4B2-48D3-9B69-628BAC0491C0}.Debug|Any CPU.Build.0 = Debug|Any CPU
		{08E4EED5-B4B2-48D3-9B69-628BAC0491C0}.Release|Any CPU.ActiveCfg = Release|Any CPU
		{08E4EED5-B4B2-48D3-9B69-628BAC0491C0}.Release|Any CPU.Build.0 = Release|Any CPU
		{B6ED17AE-68E4-40D1-8079-92A759028044}.Debug|Any CPU.ActiveCfg = Debug|Any CPU
		{B6ED17AE-68E4-40D1-8079-92A759028044}.Debug|Any CPU.Build.0 = Debug|Any CPU
		{B6ED17AE-68E4-40D1-8079-92A759028044}.Release|Any CPU.ActiveCfg = Release|Any CPU
		{B6ED17AE-68E4-40D1-8079-92A759028044}.Release|Any CPU.Build.0 = Release|Any CPU
		{751F4228-C9AC-4B67-9C69-47AB9A6FE89E}.Debug|Any CPU.ActiveCfg = Debug|Any CPU
		{751F4228-C9AC-4B67-9C69-47AB9A6FE89E}.Debug|Any CPU.Build.0 = Debug|Any CPU
		{751F4228-C9AC-4B67-9C69-47AB9A6FE89E}.Release|Any CPU.ActiveCfg = Release|Any CPU
		{751F4228-C9AC-4B67-9C69-47AB9A6FE89E}.Release|Any CPU.Build.0 = Release|Any CPU
	EndGlobalSection
	GlobalSection(SolutionProperties) = preSolution
		HideSolutionNode = FALSE
	EndGlobalSection
	GlobalSection(ExtensibilityGlobals) = postSolution
		SolutionGuid = {AF8923B8-5FC5-4245-84F2-1B83D4871FB2}
	EndGlobalSection
EndGlobal
